
Microsoft Visual Studio Solution File, Format Version 12.00
# Visual Studio Version 17
VisualStudioVersion = 17.5.33516.290
MinimumVisualStudioVersion = 10.0.40219.1
Project("{FAE04EC0-301F-11D3-BF4B-00C04F79EFBC}") = "PrimeraAplicacionWebAPIconControladores", "PrimeraAplicacionWebAPIconControladores\PrimeraAplicacionWebAPIconControladores.csproj", "{E0DC5163-4388-4FD3-BF21-D458516CEE98}"
EndProject
Global
	GlobalSection(SolutionConfigurationPlatforms) = preSolution
		Debug|Any CPU = Debug|Any CPU
		Release|Any CPU = Release|Any CPU
	EndGlobalSection
	GlobalSection(ProjectConfigurationPlatforms) = postSolution
		{E0DC5163-4388-4FD3-BF21-D458516CEE98}.Debug|Any CPU.ActiveCfg = Debug|Any CPU
		{E0DC5163-4388-4FD3-BF21-D458516CEE98}.Debug|Any CPU.Build.0 = Debug|Any CPU
		{E0DC5163-4388-4FD3-BF21-D458516CEE98}.Release|Any CPU.ActiveCfg = Release|Any CPU
		{E0DC5163-4388-4FD3-BF21-D458516CEE98}.Release|Any CPU.Build.0 = Release|Any CPU
	EndGlobalSection
	GlobalSection(SolutionProperties) = preSolution
		HideSolutionNode = FALSE
	EndGlobalSection
	GlobalSection(ExtensibilityGlobals) = postSolution
		SolutionGuid = {47DC396C-D29D-4E85-BDAB-F1F55B822154}
	EndGlobalSection
EndGlobal
